// !$*UTF8*$!
{
	archiveVersion = 1;
	classes = {
	};
	objectVersion = 55;
	objects = {

/* Begin PBXBuildFile section */
		844C572029FC4A76001A3B09 /* ItemDescriptionViewController.swift in Sources */ = {isa = PBXBuildFile; fileRef = 844C571F29FC4A76001A3B09 /* ItemDescriptionViewController.swift */; };
		84C95FD729F0432300BF7856 /* AppDelegate.swift in Sources */ = {isa = PBXBuildFile; fileRef = 84C95FD629F0432300BF7856 /* AppDelegate.swift */; };
		84C95FD929F0432300BF7856 /* SceneDelegate.swift in Sources */ = {isa = PBXBuildFile; fileRef = 84C95FD829F0432300BF7856 /* SceneDelegate.swift */; };
		84C95FDB29F0432300BF7856 /* ViewController.swift in Sources */ = {isa = PBXBuildFile; fileRef = 84C95FDA29F0432300BF7856 /* ViewController.swift */; };
		84C95FDE29F0432300BF7856 /* Main.storyboard in Resources */ = {isa = PBXBuildFile; fileRef = 84C95FDC29F0432300BF7856 /* Main.storyboard */; };
		84C95FE029F0433000BF7856 /* Assets.xcassets in Resources */ = {isa = PBXBuildFile; fileRef = 84C95FDF29F0433000BF7856 /* Assets.xcassets */; };
		84C95FE329F0433000BF7856 /* LaunchScreen.storyboard in Resources */ = {isa = PBXBuildFile; fileRef = 84C95FE129F0433000BF7856 /* LaunchScreen.storyboard */; };
		84C95FEB29F0442F00BF7856 /* RecommendedTableViewCell.swift in Sources */ = {isa = PBXBuildFile; fileRef = 84C95FEA29F0442F00BF7856 /* RecommendedTableViewCell.swift */; };
		84C95FED29F1327900BF7856 /* CatalogCollectionViewCell.swift in Sources */ = {isa = PBXBuildFile; fileRef = 84C95FEC29F1327900BF7856 /* CatalogCollectionViewCell.swift */; };
		84C95FEF29F1809C00BF7856 /* EmptyListViewController.swift in Sources */ = {isa = PBXBuildFile; fileRef = 84C95FEE29F1809C00BF7856 /* EmptyListViewController.swift */; };
		84C95FF129F190A300BF7856 /* MyListViewController.swift in Sources */ = {isa = PBXBuildFile; fileRef = 84C95FF029F190A300BF7856 /* MyListViewController.swift */; };
/* End PBXBuildFile section */

/* Begin PBXFileReference section */
		844C571F29FC4A76001A3B09 /* ItemDescriptionViewController.swift */ = {isa = PBXFileReference; lastKnownFileType = sourcecode.swift; path = ItemDescriptionViewController.swift; sourceTree = "<group>"; };
		84C95FD329F0432300BF7856 /* leroymerlinwtf.app */ = {isa = PBXFileReference; explicitFileType = wrapper.application; includeInIndex = 0; path = leroymerlinwtf.app; sourceTree = BUILT_PRODUCTS_DIR; };
		84C95FD629F0432300BF7856 /* AppDelegate.swift */ = {isa = PBXFileReference; lastKnownFileType = sourcecode.swift; path = AppDelegate.swift; sourceTree = "<group>"; };
		84C95FD829F0432300BF7856 /* SceneDelegate.swift */ = {isa = PBXFileReference; lastKnownFileType = sourcecode.swift; path = SceneDelegate.swift; sourceTree = "<group>"; };
		84C95FDA29F0432300BF7856 /* ViewController.swift */ = {isa = PBXFileReference; lastKnownFileType = sourcecode.swift; path = ViewController.swift; sourceTree = "<group>"; };
		84C95FDD29F0432300BF7856 /* Base */ = {isa = PBXFileReference; lastKnownFileType = file.storyboard; name = Base; path = Base.lproj/Main.storyboard; sourceTree = "<group>"; };
		84C95FDF29F0433000BF7856 /* Assets.xcassets */ = {isa = PBXFileReference; lastKnownFileType = folder.assetcatalog; path = Assets.xcassets; sourceTree = "<group>"; };
		84C95FE229F0433000BF7856 /* Base */ = {isa = PBXFileReference; lastKnownFileType = file.storyboard; name = Base; path = Base.lproj/LaunchScreen.storyboard; sourceTree = "<group>"; };
		84C95FE429F0433000BF7856 /* Info.plist */ = {isa = PBXFileReference; lastKnownFileType = text.plist.xml; path = Info.plist; sourceTree = "<group>"; };
		84C95FEA29F0442F00BF7856 /* RecommendedTableViewCell.swift */ = {isa = PBXFileReference; lastKnownFileType = sourcecode.swift; path = RecommendedTableViewCell.swift; sourceTree = "<group>"; };
		84C95FEC29F1327900BF7856 /* CatalogCollectionViewCell.swift */ = {isa = PBXFileReference; lastKnownFileType = sourcecode.swift; path = CatalogCollectionViewCell.swift; sourceTree = "<group>"; };
		84C95FEE29F1809C00BF7856 /* EmptyListViewController.swift */ = {isa = PBXFileReference; lastKnownFileType = sourcecode.swift; path = EmptyListViewController.swift; sourceTree = "<group>"; };
		84C95FF029F190A300BF7856 /* MyListViewController.swift */ = {isa = PBXFileReference; lastKnownFileType = sourcecode.swift; path = MyListViewController.swift; sourceTree = "<group>"; };
/* End PBXFileReference section */

/* Begin PBXFrameworksBuildPhase section */
		84C95FD029F0432300BF7856 /* Frameworks */ = {
			isa = PBXFrameworksBuildPhase;
			buildActionMask = 2147483647;
			files = (
			);
			runOnlyForDeploymentPostprocessing = 0;
		};
/* End PBXFrameworksBuildPhase section */

/* Begin PBXGroup section */
		84C95FCA29F0432200BF7856 = {
			isa = PBXGroup;
			children = (
				84C95FD529F0432300BF7856 /* leroymerlinwtf */,
				84C95FD429F0432300BF7856 /* Products */,
			);
			sourceTree = "<group>";
		};
		84C95FD429F0432300BF7856 /* Products */ = {
			isa = PBXGroup;
			children = (
				84C95FD329F0432300BF7856 /* leroymerlinwtf.app */,
			);
			name = Products;
			sourceTree = "<group>";
		};
		84C95FD529F0432300BF7856 /* leroymerlinwtf */ = {
			isa = PBXGroup;
			children = (
				84C95FD629F0432300BF7856 /* AppDelegate.swift */,
				84C95FD829F0432300BF7856 /* SceneDelegate.swift */,
				84C95FDA29F0432300BF7856 /* ViewController.swift */,
				844C571F29FC4A76001A3B09 /* ItemDescriptionViewController.swift */,
				84C95FDC29F0432300BF7856 /* Main.storyboard */,
				84C95FDF29F0433000BF7856 /* Assets.xcassets */,
				84C95FE129F0433000BF7856 /* LaunchScreen.storyboard */,
				84C95FEE29F1809C00BF7856 /* EmptyListViewController.swift */,
				84C95FEC29F1327900BF7856 /* CatalogCollectionViewCell.swift */,
				84C95FF029F190A300BF7856 /* MyListViewController.swift */,
				84C95FE429F0433000BF7856 /* Info.plist */,
				84C95FEA29F0442F00BF7856 /* RecommendedTableViewCell.swift */,
			);
			path = leroymerlinwtf;
			sourceTree = "<group>";
		};
/* End PBXGroup section */

/* Begin PBXNativeTarget section */
		84C95FD229F0432300BF7856 /* leroymerlinwtf */ = {
			isa = PBXNativeTarget;
			buildConfigurationList = 84C95FE729F0433000BF7856 /* Build configuration list for PBXNativeTarget "leroymerlinwtf" */;
			buildPhases = (
				84C95FCF29F0432300BF7856 /* Sources */,
				84C95FD029F0432300BF7856 /* Frameworks */,
				84C95FD129F0432300BF7856 /* Resources */,
			);
			buildRules = (
			);
			dependencies = (
			);
			name = leroymerlinwtf;
			productName = leroymerlinwtf;
			productReference = 84C95FD329F0432300BF7856 /* leroymerlinwtf.app */;
			productType = "com.apple.product-type.application";
		};
/* End PBXNativeTarget section */

/* Begin PBXProject section */
		84C95FCB29F0432200BF7856 /* Project object */ = {
			isa = PBXProject;
			attributes = {
				BuildIndependentTargetsInParallel = 1;
				LastSwiftUpdateCheck = 1320;
				LastUpgradeCheck = 1320;
				TargetAttributes = {
					84C95FD229F0432300BF7856 = {
						CreatedOnToolsVersion = 13.2.1;
					};
				};
			};
			buildConfigurationList = 84C95FCE29F0432200BF7856 /* Build configuration list for PBXProject "leroymerlinwtf" */;
			compatibilityVersion = "Xcode 13.0";
			developmentRegion = en;
			hasScannedForEncodings = 0;
			knownRegions = (
				en,
				Base,
			);
			mainGroup = 84C95FCA29F0432200BF7856;
			productRefGroup = 84C95FD429F0432300BF7856 /* Products */;
			projectDirPath = "";
			projectRoot = "";
			targets = (
				84C95FD229F0432300BF7856 /* leroymerlinwtf */,
			);
		};
/* End PBXProject section */

/* Begin PBXResourcesBuildPhase section */
		84C95FD129F0432300BF7856 /* Resources */ = {
			isa = PBXResourcesBuildPhase;
			buildActionMask = 2147483647;
			files = (
				84C95FE329F0433000BF7856 /* LaunchScreen.storyboard in Resources */,
				84C95FE029F0433000BF7856 /* Assets.xcassets in Resources */,
				84C95FDE29F0432300BF7856 /* Main.storyboard in Resources */,
			);
			runOnlyForDeploymentPostprocessing = 0;
		};
/* End PBXResourcesBuildPhase section */

/* Begin PBXSourcesBuildPhase section */
		84C95FCF29F0432300BF7856 /* Sources */ = {
			isa = PBXSourcesBuildPhase;
			buildActionMask = 2147483647;
			files = (
				844C572029FC4A76001A3B09 /* ItemDescriptionViewController.swift in Sources */,
				84C95FDB29F0432300BF7856 /* ViewController.swift in Sources */,
				84C95FD729F0432300BF7856 /* AppDelegate.swift in Sources */,
				84C95FF129F190A300BF7856 /* MyListViewController.swift in Sources */,
				84C95FEF29F1809C00BF7856 /* EmptyListViewController.swift in Sources */,
				84C95FED29F1327900BF7856 /* CatalogCollectionViewCell.swift in Sources */,
				84C95FD929F0432300BF7856 /* SceneDelegate.swift in Sources */,
				84C95FEB29F0442F00BF7856 /* RecommendedTableViewCell.swift in Sources */,
			);
			runOnlyForDeploymentPostprocessing = 0;
		};
/* End PBXSourcesBuildPhase section */

/* Begin PBXVariantGroup section */
		84C95FDC29F0432300BF7856 /* Main.storyboard */ = {
			isa = PBXVariantGroup;
			children = (
				84C95FDD29F0432300BF7856 /* Base */,
			);
			name = Main.storyboard;
			sourceTree = "<group>";
		};
		84C95FE129F0433000BF7856 /* LaunchScreen.storyboard */ = {
			isa = PBXVariantGroup;
			children = (
				84C95FE229F0433000BF7856 /* Base */,
			);
			name = LaunchScreen.storyboard;
			sourceTree = "<group>";
		};
/* End PBXVariantGroup section */

/* Begin XCBuildConfiguration section */
		84C95FE529F0433000BF7856 /* Debug */ = {
			isa = XCBuildConfiguration;
			buildSettings = {
				ALWAYS_SEARCH_USER_PATHS = NO;
				CLANG_ANALYZER_NONNULL = YES;
				CLANG_ANALYZER_NUMBER_OBJECT_CONVERSION = YES_AGGRESSIVE;
				CLANG_CXX_LANGUAGE_STANDARD = "gnu++17";
				CLANG_CXX_LIBRARY = "libc++";
				CLANG_ENABLE_MODULES = YES;
				CLANG_ENABLE_OBJC_ARC = YES;
				CLANG_ENABLE_OBJC_WEAK = YES;
				CLANG_WARN_BLOCK_CAPTURE_AUTORELEASING = YES;
				CLANG_WARN_BOOL_CONVERSION = YES;
				CLANG_WARN_COMMA = YES;
				CLANG_WARN_CONSTANT_CONVERSION = YES;
				CLANG_WARN_DEPRECATED_OBJC_IMPLEMENTATIONS = YES;
				CLANG_WARN_DIRECT_OBJC_ISA_USAGE = YES_ERROR;
				CLANG_WARN_DOCUMENTATION_COMMENTS = YES;
				CLANG_WARN_EMPTY_BODY = YES;
				CLANG_WARN_ENUM_CONVERSION = YES;
				CLANG_WARN_INFINITE_RECURSION = YES;
				CLANG_WARN_INT_CONVERSION = YES;
				CLANG_WARN_NON_LITERAL_NULL_CONVERSION = YES;
				CLANG_WARN_OBJC_IMPLICIT_RETAIN_SELF = YES;
				CLANG_WARN_OBJC_LITERAL_CONVERSION = YES;
				CLANG_WARN_OBJC_ROOT_CLASS = YES_ERROR;
				CLANG_WARN_QUOTED_INCLUDE_IN_FRAMEWORK_HEADER = YES;
				CLANG_WARN_RANGE_LOOP_ANALYSIS = YES;
				CLANG_WARN_STRICT_PROTOTYPES = YES;
				CLANG_WARN_SUSPICIOUS_MOVE = YES;
				CLANG_WARN_UNGUARDED_AVAILABILITY = YES_AGGRESSIVE;
				CLANG_WARN_UNREACHABLE_CODE = YES;
				CLANG_WARN__DUPLICATE_METHOD_MATCH = YES;
				COPY_PHASE_STRIP = NO;
				DEBUG_INFORMATION_FORMAT = dwarf;
				ENABLE_STRICT_OBJC_MSGSEND = YES;
				ENABLE_TESTABILITY = YES;
				GCC_C_LANGUAGE_STANDARD = gnu11;
				GCC_DYNAMIC_NO_PIC = NO;
				GCC_NO_COMMON_BLOCKS = YES;
				GCC_OPTIMIZATION_LEVEL = 0;
				GCC_PREPROCESSOR_DEFINITIONS = (
					"DEBUG=1",
					"$(inherited)",
				);
				GCC_WARN_64_TO_32_BIT_CONVERSION = YES;
				GCC_WARN_ABOUT_RETURN_TYPE = YES_ERROR;
				GCC_WARN_UNDECLARED_SELECTOR = YES;
				GCC_WARN_UNINITIALIZED_AUTOS = YES_AGGRESSIVE;
				GCC_WARN_UNUSED_FUNCTION = YES;
				GCC_WARN_UNUSED_VARIABLE = YES;
				IPHONEOS_DEPLOYMENT_TARGET = 15.2;
				MTL_ENABLE_DEBUG_INFO = INCLUDE_SOURCE;
				MTL_FAST_MATH = YES;
				ONLY_ACTIVE_ARCH = YES;
				SDKROOT = iphoneos;
				SWIFT_ACTIVE_COMPILATION_CONDITIONS = DEBUG;
				SWIFT_OPTIMIZATION_LEVEL = "-Onone";
			};
			name = Debug;
		};
		84C95FE629F0433000BF7856 /* Release */ = {
			isa = XCBuildConfiguration;
			buildSettings = {
				ALWAYS_SEARCH_USER_PATHS = NO;
				CLANG_ANALYZER_NONNULL = YES;
				CLANG_ANALYZER_NUMBER_OBJECT_CONVERSION = YES_AGGRESSIVE;
				CLANG_CXX_LANGUAGE_STANDARD = "gnu++17";
				CLANG_CXX_LIBRARY = "libc++";
				CLANG_ENABLE_MODULES = YES;
				CLANG_ENABLE_OBJC_ARC = YES;
				CLANG_ENABLE_OBJC_WEAK = YES;
				CLANG_WARN_BLOCK_CAPTURE_AUTORELEASING = YES;
				CLANG_WARN_BOOL_CONVERSION = YES;
				CLANG_WARN_COMMA = YES;
				CLANG_WARN_CONSTANT_CONVERSION = YES;
				CLANG_WARN_DEPRECATED_OBJC_IMPLEMENTATIONS = YES;
				CLANG_WARN_DIRECT_OBJC_ISA_USAGE = YES_ERROR;
				CLANG_WARN_DOCUMENTATION_COMMENTS = YES;
				CLANG_WARN_EMPTY_BODY = YES;
				CLANG_WARN_ENUM_CONVERSION = YES;
				CLANG_WARN_INFINITE_RECURSION = YES;
				CLANG_WARN_INT_CONVERSION = YES;
				CLANG_WARN_NON_LITERAL_NULL_CONVERSION = YES;
				CLANG_WARN_OBJC_IMPLICIT_RETAIN_SELF = YES;
				CLANG_WARN_OBJC_LITERAL_CONVERSION = YES;
				CLANG_WARN_OBJC_ROOT_CLASS = YES_ERROR;
				CLANG_WARN_QUOTED_INCLUDE_IN_FRAMEWORK_HEADER = YES;
				CLANG_WARN_RANGE_LOOP_ANALYSIS = YES;
				CLANG_WARN_STRICT_PROTOTYPES = YES;
				CLANG_WARN_SUSPICIOUS_MOVE = YES;
				CLANG_WARN_UNGUARDED_AVAILABILITY = YES_AGGRESSIVE;
				CLANG_WARN_UNREACHABLE_CODE = YES;
				CLANG_WARN__DUPLICATE_METHOD_MATCH = YES;
				COPY_PHASE_STRIP = NO;
				DEBUG_INFORMATION_FORMAT = "dwarf-with-dsym";
				ENABLE_NS_ASSERTIONS = NO;
				ENABLE_STRICT_OBJC_MSGSEND = YES;
				GCC_C_LANGUAGE_STANDARD = gnu11;
				GCC_NO_COMMON_BLOCKS = YES;
				GCC_WARN_64_TO_32_BIT_CONVERSION = YES;
				GCC_WARN_ABOUT_RETURN_TYPE = YES_ERROR;
				GCC_WARN_UNDECLARED_SELECTOR = YES;
				GCC_WARN_UNINITIALIZED_AUTOS = YES_AGGRESSIVE;
				GCC_WARN_UNUSED_FUNCTION = YES;
				GCC_WARN_UNUSED_VARIABLE = YES;
				IPHONEOS_DEPLOYMENT_TARGET = 15.2;
				MTL_ENABLE_DEBUG_INFO = NO;
				MTL_FAST_MATH = YES;
				SDKROOT = iphoneos;
				SWIFT_COMPILATION_MODE = wholemodule;
				SWIFT_OPTIMIZATION_LEVEL = "-O";
				VALIDATE_PRODUCT = YES;
			};
			name = Release;
		};
		84C95FE829F0433000BF7856 /* Debug */ = {
			isa = XCBuildConfiguration;
			buildSettings = {
				ASSETCATALOG_COMPILER_APPICON_NAME = AppIcon;
				ASSETCATALOG_COMPILER_GLOBAL_ACCENT_COLOR_NAME = AccentColor;
				CODE_SIGN_STYLE = Automatic;
				CURRENT_PROJECT_VERSION = 1;
				GENERATE_INFOPLIST_FILE = YES;
				INFOPLIST_FILE = leroymerlinwtf/Info.plist;
				INFOPLIST_KEY_UIApplicationSupportsIndirectInputEvents = YES;
				INFOPLIST_KEY_UILaunchStoryboardName = LaunchScreen;
				INFOPLIST_KEY_UIMainStoryboardFile = Main;
				INFOPLIST_KEY_UISupportedInterfaceOrientations_iPad = "UIInterfaceOrientationPortrait UIInterfaceOrientationPortraitUpsideDown UIInterfaceOrientationLandscapeLeft UIInterfaceOrientationLandscapeRight";
				INFOPLIST_KEY_UISupportedInterfaceOrientations_iPhone = "UIInterfaceOrientationPortrait UIInterfaceOrientationLandscapeLeft UIInterfaceOrientationLandscapeRight";
				LD_RUNPATH_SEARCH_PATHS = (
					"$(inherited)",
					"@executable_path/Frameworks",
				);
				MARKETING_VERSION = 1.0;
				PRODUCT_BUNDLE_IDENTIFIER = bebra.leroymerlinwtf;
				PRODUCT_NAME = "$(TARGET_NAME)";
				SWIFT_EMIT_LOC_STRINGS = YES;
				SWIFT_VERSION = 5.0;
				TARGETED_DEVICE_FAMILY = "1,2";
			};
			name = Debug;
		};
		84C95FE929F0433000BF7856 /* Release */ = {
			isa = XCBuildConfiguration;
			buildSettings = {
				ASSETCATALOG_COMPILER_APPICON_NAME = AppIcon;
				ASSETCATALOG_COMPILER_GLOBAL_ACCENT_COLOR_NAME = AccentColor;
				CODE_SIGN_STYLE = Automatic;
				CURRENT_PROJECT_VERSION = 1;
				GENERATE_INFOPLIST_FILE = YES;
				INFOPLIST_FILE = leroymerlinwtf/Info.plist;
				INFOPLIST_KEY_UIApplicationSupportsIndirectInputEvents = YES;
				INFOPLIST_KEY_UILaunchStoryboardName = LaunchScreen;
				INFOPLIST_KEY_UIMainStoryboardFile = Main;
				INFOPLIST_KEY_UISupportedInterfaceOrientations_iPad = "UIInterfaceOrientationPortrait UIInterfaceOrientationPortraitUpsideDown UIInterfaceOrientationLandscapeLeft UIInterfaceOrientationLandscapeRight";
				INFOPLIST_KEY_UISupportedInterfaceOrientations_iPhone = "UIInterfaceOrientationPortrait UIInterfaceOrientationLandscapeLeft UIInterfaceOrientationLandscapeRight";
				LD_RUNPATH_SEARCH_PATHS = (
					"$(inherited)",
					"@executable_path/Frameworks",
				);
				MARKETING_VERSION = 1.0;
				PRODUCT_BUNDLE_IDENTIFIER = bebra.leroymerlinwtf;
				PRODUCT_NAME = "$(TARGET_NAME)";
				SWIFT_EMIT_LOC_STRINGS = YES;
				SWIFT_VERSION = 5.0;
				TARGETED_DEVICE_FAMILY = "1,2";
			};
			name = Release;
		};
/* End XCBuildConfiguration section */

/* Begin XCConfigurationList section */
		84C95FCE29F0432200BF7856 /* Build configuration list for PBXProject "leroymerlinwtf" */ = {
			isa = XCConfigurationList;
			buildConfigurations = (
				84C95FE529F0433000BF7856 /* Debug */,
				84C95FE629F0433000BF7856 /* Release */,
			);
			defaultConfigurationIsVisible = 0;
			defaultConfigurationName = Release;
		};
		84C95FE729F0433000BF7856 /* Build configuration list for PBXNativeTarget "leroymerlinwtf" */ = {
			isa = XCConfigurationList;
			buildConfigurations = (
				84C95FE829F0433000BF7856 /* Debug */,
				84C95FE929F0433000BF7856 /* Release */,
			);
			defaultConfigurationIsVisible = 0;
			defaultConfigurationName = Release;
		};
/* End XCConfigurationList section */
	};
	rootObject = 84C95FCB29F0432200BF7856 /* Project object */;
}
